
Microsoft Visual Studio Solution File, Format Version 12.00
# Visual Studio 15
VisualStudioVersion = 15.0.28010.2041
MinimumVisualStudioVersion = 10.0.40219.1
Project("{2150E333-8FDC-42A3-9474-1A3956D46DE8}") = "src", "src", "{EFF55A61-E8D0-4CC3-B9FB-85B15EC73DAE}"
EndProject
Project("{FAE04EC0-301F-11D3-BF4B-00C04F79EFBC}") = "BrokeredMessaging.Hosting", "src\BrokeredMessaging.Hosting\BrokeredMessaging.Hosting.csproj", "{F038A6F7-1A24-4BED-AA11-9A05A1A27337}"
EndProject
Global
	GlobalSection(SolutionConfigurationPlatforms) = preSolution
		Debug|Any CPU = Debug|Any CPU
		Release|Any CPU = Release|Any CPU
	EndGlobalSection
	GlobalSection(ProjectConfigurationPlatforms) = postSolution
		{F038A6F7-1A24-4BED-AA11-9A05A1A27337}.Debug|Any CPU.ActiveCfg = Debug|Any CPU
		{F038A6F7-1A24-4BED-AA11-9A05A1A27337}.Debug|Any CPU.Build.0 = Debug|Any CPU
		{F038A6F7-1A24-4BED-AA11-9A05A1A27337}.Release|Any CPU.ActiveCfg = Release|Any CPU
		{F038A6F7-1A24-4BED-AA11-9A05A1A27337}.Release|Any CPU.Build.0 = Release|Any CPU
	EndGlobalSection
	GlobalSection(SolutionProperties) = preSolution
		HideSolutionNode = FALSE
	EndGlobalSection
	GlobalSection(NestedProjects) = preSolution
		{F038A6F7-1A24-4BED-AA11-9A05A1A27337} = {EFF55A61-E8D0-4CC3-B9FB-85B15EC73DAE}
	EndGlobalSection
	GlobalSection(ExtensibilityGlobals) = postSolution
		SolutionGuid = {1C878D8C-75B2-45CD-BFEE-DC518D00B267}
	EndGlobalSection
EndGlobal
